
Microsoft Visual Studio Solution File, Format Version 12.00
# Visual Studio Version 17
VisualStudioVersion = 17.14.36301.6 d17.14
MinimumVisualStudioVersion = 10.0.40219.1
Project("{FAE04EC0-301F-11D3-BF4B-00C04F79EFBC}") = "JeuDeLaVieTextuel", "JeuDeLaVieTextuel\JeuDeLaVieTextuel.csproj", "{0D4D5A12-51C7-4531-AEF2-6C2DCAC6BD58}"
EndProject
Global
	GlobalSection(SolutionConfigurationPlatforms) = preSolution
		Debug|Any CPU = Debug|Any CPU
		Release|Any CPU = Release|Any CPU
	EndGlobalSection
	GlobalSection(ProjectConfigurationPlatforms) = postSolution
		{0D4D5A12-51C7-4531-AEF2-6C2DCAC6BD58}.Debug|Any CPU.ActiveCfg = Debug|Any CPU
		{0D4D5A12-51C7-4531-AEF2-6C2DCAC6BD58}.Debug|Any CPU.Build.0 = Debug|Any CPU
		{0D4D5A12-51C7-4531-AEF2-6C2DCAC6BD58}.Release|Any CPU.ActiveCfg = Release|Any CPU
		{0D4D5A12-51C7-4531-AEF2-6C2DCAC6BD58}.Release|Any CPU.Build.0 = Release|Any CPU
	EndGlobalSection
	GlobalSection(SolutionProperties) = preSolution
		HideSolutionNode = FALSE
	EndGlobalSection
	GlobalSection(ExtensibilityGlobals) = postSolution
		SolutionGuid = {F44192C5-5AC6-4414-9C60-C46A6FFC0E3A}
	EndGlobalSection
EndGlobal
